{
  "pins" : [
    {
      "identity" : "centeroriginslider",
      "kind" : "remoteSourceControl",
      "location" : "https://github.com/thompson-dean/CenterOriginSlider",
      "state" : {
        "branch" : "main",
        "revision" : "bdbf9f7f3aded8b4a6ba09ee3b2c59a788b26342"
      }
    }
  ],
  "version" : 2
}
